// !$*UTF8*$!
{
	archiveVersion = 1;
	classes = {
	};
	objectVersion = 56;
	objects = {

/* Begin PBXBuildFile section */
		A82DAE112C1C865A00E18665 /* MessageDemoAppApp.swift in Sources */ = {isa = PBXBuildFile; fileRef = A82DAE102C1C865A00E18665 /* MessageDemoAppApp.swift */; };
		A82DAE132C1C865A00E18665 /* ContentView.swift in Sources */ = {isa = PBXBuildFile; fileRef = A82DAE122C1C865A00E18665 /* ContentView.swift */; };
		A82DAE152C1C865B00E18665 /* Assets.xcassets in Resources */ = {isa = PBXBuildFile; fileRef = A82DAE142C1C865B00E18665 /* Assets.xcassets */; };
		A82DAE182C1C865B00E18665 /* Preview Assets.xcassets in Resources */ = {isa = PBXBuildFile; fileRef = A82DAE172C1C865B00E18665 /* Preview Assets.xcassets */; };
		A82DAE1A2C1C865B00E18665 /* Persistence.swift in Sources */ = {isa = PBXBuildFile; fileRef = A82DAE192C1C865B00E18665 /* Persistence.swift */; };
		A82DAE1D2C1C865B00E18665 /* MessageDemoApp.xcdatamodeld in Sources */ = {isa = PBXBuildFile; fileRef = A82DAE1B2C1C865B00E18665 /* MessageDemoApp.xcdatamodeld */; };
		A82DAE272C1C865B00E18665 /* MessageDemoAppTests.swift in Sources */ = {isa = PBXBuildFile; fileRef = A82DAE262C1C865B00E18665 /* MessageDemoAppTests.swift */; };
		A82DAE312C1C865B00E18665 /* MessageDemoAppUITests.swift in Sources */ = {isa = PBXBuildFile; fileRef = A82DAE302C1C865B00E18665 /* MessageDemoAppUITests.swift */; };
		A82DAE332C1C865B00E18665 /* MessageDemoAppUITestsLaunchTests.swift in Sources */ = {isa = PBXBuildFile; fileRef = A82DAE322C1C865B00E18665 /* MessageDemoAppUITestsLaunchTests.swift */; };
		A82DAE432C1C86BB00E18665 /* HomeView.swift in Sources */ = {isa = PBXBuildFile; fileRef = A82DAE422C1C86BB00E18665 /* HomeView.swift */; };
		A82DAE492C1C86E900E18665 /* MessageViewModel.swift in Sources */ = {isa = PBXBuildFile; fileRef = A82DAE482C1C86E900E18665 /* MessageViewModel.swift */; };
		A82DAE4B2C1C871300E18665 /* MessageModel.swift in Sources */ = {isa = PBXBuildFile; fileRef = A82DAE4A2C1C871300E18665 /* MessageModel.swift */; };
		A82DAE512C1C8C4500E18665 /* AuroraColors.swift in Sources */ = {isa = PBXBuildFile; fileRef = A82DAE502C1C8C4500E18665 /* AuroraColors.swift */; };
		A82DAE532C1C8C5D00E18665 /* MovingCircle.swift in Sources */ = {isa = PBXBuildFile; fileRef = A82DAE522C1C8C5D00E18665 /* MovingCircle.swift */; };
		A82DAE552C1C8C8100E18665 /* CircleAnimator.swift in Sources */ = {isa = PBXBuildFile; fileRef = A82DAE542C1C8C8100E18665 /* CircleAnimator.swift */; };
		A82DAE592C1C8D8600E18665 /* FirebaseManager.swift in Sources */ = {isa = PBXBuildFile; fileRef = A82DAE582C1C8D8600E18665 /* FirebaseManager.swift */; };
		A82DAE662C1C90F800E18665 /* CustomButton.swift in Sources */ = {isa = PBXBuildFile; fileRef = A82DAE652C1C90F800E18665 /* CustomButton.swift */; };
		A82DAE682C1C915A00E18665 /* CustomTextField.swift in Sources */ = {isa = PBXBuildFile; fileRef = A82DAE672C1C915A00E18665 /* CustomTextField.swift */; };
		A82DAE6A2C1C922100E18665 /* GoogleService-Info.plist in Resources */ = {isa = PBXBuildFile; fileRef = A82DAE692C1C922100E18665 /* GoogleService-Info.plist */; };
		A82DAE6B2C1C922100E18665 /* GoogleService-Info.plist in Resources */ = {isa = PBXBuildFile; fileRef = A82DAE692C1C922100E18665 /* GoogleService-Info.plist */; };
		A82DAE6C2C1C922100E18665 /* GoogleService-Info.plist in Resources */ = {isa = PBXBuildFile; fileRef = A82DAE692C1C922100E18665 /* GoogleService-Info.plist */; };
		A82DAE732C1C927E00E18665 /* LoginView.swift in Sources */ = {isa = PBXBuildFile; fileRef = A82DAE722C1C927E00E18665 /* LoginView.swift */; };
		A82DAE742C1C927E00E18665 /* LoginView.swift in Sources */ = {isa = PBXBuildFile; fileRef = A82DAE722C1C927E00E18665 /* LoginView.swift */; };
		A82DAE752C1C927E00E18665 /* LoginView.swift in Sources */ = {isa = PBXBuildFile; fileRef = A82DAE722C1C927E00E18665 /* LoginView.swift */; };
		A82DAE772C1C929600E18665 /* AuthViewModel.swift in Sources */ = {isa = PBXBuildFile; fileRef = A82DAE762C1C929600E18665 /* AuthViewModel.swift */; };
		A82DAE782C1C929600E18665 /* AuthViewModel.swift in Sources */ = {isa = PBXBuildFile; fileRef = A82DAE762C1C929600E18665 /* AuthViewModel.swift */; };
		A82DAE792C1C929600E18665 /* AuthViewModel.swift in Sources */ = {isa = PBXBuildFile; fileRef = A82DAE762C1C929600E18665 /* AuthViewModel.swift */; };
		A82DAE7C2C1C957200E18665 /* CollectionNameKeys.swift in Sources */ = {isa = PBXBuildFile; fileRef = A82DAE7B2C1C957200E18665 /* CollectionNameKeys.swift */; };
		A82DAE7D2C1C957200E18665 /* CollectionNameKeys.swift in Sources */ = {isa = PBXBuildFile; fileRef = A82DAE7B2C1C957200E18665 /* CollectionNameKeys.swift */; };
		A82DAE7E2C1C957200E18665 /* CollectionNameKeys.swift in Sources */ = {isa = PBXBuildFile; fileRef = A82DAE7B2C1C957200E18665 /* CollectionNameKeys.swift */; };
		A82DAE802C1C987C00E18665 /* Errors.swift in Sources */ = {isa = PBXBuildFile; fileRef = A82DAE7F2C1C987C00E18665 /* Errors.swift */; };
		A82DAE812C1C987C00E18665 /* Errors.swift in Sources */ = {isa = PBXBuildFile; fileRef = A82DAE7F2C1C987C00E18665 /* Errors.swift */; };
		A82DAE822C1C987C00E18665 /* Errors.swift in Sources */ = {isa = PBXBuildFile; fileRef = A82DAE7F2C1C987C00E18665 /* Errors.swift */; };
		A82DAE842C1C9E0F00E18665 /* AuroraView.swift in Sources */ = {isa = PBXBuildFile; fileRef = A82DAE832C1C9E0F00E18665 /* AuroraView.swift */; };
		A82DAE852C1C9E0F00E18665 /* AuroraView.swift in Sources */ = {isa = PBXBuildFile; fileRef = A82DAE832C1C9E0F00E18665 /* AuroraView.swift */; };
		A82DAE862C1C9E0F00E18665 /* AuroraView.swift in Sources */ = {isa = PBXBuildFile; fileRef = A82DAE832C1C9E0F00E18665 /* AuroraView.swift */; };
		A82DAE882C1CA13A00E18665 /* UserModel.swift in Sources */ = {isa = PBXBuildFile; fileRef = A82DAE872C1CA13A00E18665 /* UserModel.swift */; };
		A82DAE892C1CA13A00E18665 /* UserModel.swift in Sources */ = {isa = PBXBuildFile; fileRef = A82DAE872C1CA13A00E18665 /* UserModel.swift */; };
		A82DAE8A2C1CA13A00E18665 /* UserModel.swift in Sources */ = {isa = PBXBuildFile; fileRef = A82DAE872C1CA13A00E18665 /* UserModel.swift */; };
		A82DAE8D2C1CA57F00E18665 /* FirebaseAnalytics in Frameworks */ = {isa = PBXBuildFile; productRef = A82DAE8C2C1CA57F00E18665 /* FirebaseAnalytics */; };
		A82DAE8F2C1CA57F00E18665 /* FirebaseAuth in Frameworks */ = {isa = PBXBuildFile; productRef = A82DAE8E2C1CA57F00E18665 /* FirebaseAuth */; };
		A82DAE912C1CA57F00E18665 /* FirebaseFirestore in Frameworks */ = {isa = PBXBuildFile; productRef = A82DAE902C1CA57F00E18665 /* FirebaseFirestore */; };
		A82DAE942C1CB0F300E18665 /* MessageCellView.swift in Sources */ = {isa = PBXBuildFile; fileRef = A82DAE932C1CB0F300E18665 /* MessageCellView.swift */; };
		A82DAE952C1CB0F300E18665 /* MessageCellView.swift in Sources */ = {isa = PBXBuildFile; fileRef = A82DAE932C1CB0F300E18665 /* MessageCellView.swift */; };
		A82DAE962C1CB0F300E18665 /* MessageCellView.swift in Sources */ = {isa = PBXBuildFile; fileRef = A82DAE932C1CB0F300E18665 /* MessageCellView.swift */; };
		A82DAE982C1CB1C500E18665 /* MessagesView.swift in Sources */ = {isa = PBXBuildFile; fileRef = A82DAE972C1CB1C500E18665 /* MessagesView.swift */; };
		A82DAE992C1CB1C500E18665 /* MessagesView.swift in Sources */ = {isa = PBXBuildFile; fileRef = A82DAE972C1CB1C500E18665 /* MessagesView.swift */; };
		A82DAE9A2C1CB1C500E18665 /* MessagesView.swift in Sources */ = {isa = PBXBuildFile; fileRef = A82DAE972C1CB1C500E18665 /* MessagesView.swift */; };
		A82DAE9C2C1DB8B800E18665 /* CustomBlurView.swift in Sources */ = {isa = PBXBuildFile; fileRef = A82DAE9B2C1DB8B800E18665 /* CustomBlurView.swift */; };
		A82DAE9D2C1DB8B800E18665 /* CustomBlurView.swift in Sources */ = {isa = PBXBuildFile; fileRef = A82DAE9B2C1DB8B800E18665 /* CustomBlurView.swift */; };
		A82DAE9E2C1DB8B800E18665 /* CustomBlurView.swift in Sources */ = {isa = PBXBuildFile; fileRef = A82DAE9B2C1DB8B800E18665 /* CustomBlurView.swift */; };
		A82DAEA02C1DC4BB00E18665 /* MovingCircle.swift in Sources */ = {isa = PBXBuildFile; fileRef = A82DAE522C1C8C5D00E18665 /* MovingCircle.swift */; };
		A82DAEA12C1DC4BB00E18665 /* MovingCircle.swift in Sources */ = {isa = PBXBuildFile; fileRef = A82DAE522C1C8C5D00E18665 /* MovingCircle.swift */; };
		A82DAEA22C1DC4BB00E18665 /* AuroraColors.swift in Sources */ = {isa = PBXBuildFile; fileRef = A82DAE502C1C8C4500E18665 /* AuroraColors.swift */; };
		A82DAEA32C1DC4BB00E18665 /* AuroraColors.swift in Sources */ = {isa = PBXBuildFile; fileRef = A82DAE502C1C8C4500E18665 /* AuroraColors.swift */; };
		A82DAEA42C1DC4BB00E18665 /* CircleAnimator.swift in Sources */ = {isa = PBXBuildFile; fileRef = A82DAE542C1C8C8100E18665 /* CircleAnimator.swift */; };
		A82DAEA52C1DC4BB00E18665 /* CircleAnimator.swift in Sources */ = {isa = PBXBuildFile; fileRef = A82DAE542C1C8C8100E18665 /* CircleAnimator.swift */; };
		A82DAEA82C1EF7AF00E18665 /* View + Extension.swift in Sources */ = {isa = PBXBuildFile; fileRef = A82DAEA72C1EF7AF00E18665 /* View + Extension.swift */; };
		A82DAEA92C1EF7AF00E18665 /* View + Extension.swift in Sources */ = {isa = PBXBuildFile; fileRef = A82DAEA72C1EF7AF00E18665 /* View + Extension.swift */; };
		A82DAEAA2C1EF7AF00E18665 /* View + Extension.swift in Sources */ = {isa = PBXBuildFile; fileRef = A82DAEA72C1EF7AF00E18665 /* View + Extension.swift */; };
		A82DAEB12C1EFAFA00E18665 /* RegisterView.swift in Sources */ = {isa = PBXBuildFile; fileRef = A82DAEB02C1EFAFA00E18665 /* RegisterView.swift */; };
		A82DAEB22C1EFAFA00E18665 /* RegisterView.swift in Sources */ = {isa = PBXBuildFile; fileRef = A82DAEB02C1EFAFA00E18665 /* RegisterView.swift */; };
		A82DAEB32C1EFAFA00E18665 /* RegisterView.swift in Sources */ = {isa = PBXBuildFile; fileRef = A82DAEB02C1EFAFA00E18665 /* RegisterView.swift */; };
		A82DAEB52C1F037A00E18665 /* CustomAlertView.swift in Sources */ = {isa = PBXBuildFile; fileRef = A82DAEB42C1F037A00E18665 /* CustomAlertView.swift */; };
		A82DAEB62C1F037A00E18665 /* CustomAlertView.swift in Sources */ = {isa = PBXBuildFile; fileRef = A82DAEB42C1F037A00E18665 /* CustomAlertView.swift */; };
		A82DAEB72C1F037A00E18665 /* CustomAlertView.swift in Sources */ = {isa = PBXBuildFile; fileRef = A82DAEB42C1F037A00E18665 /* CustomAlertView.swift */; };
		A82DAEBA2C1F038D00E18665 /* AlertType.swift in Sources */ = {isa = PBXBuildFile; fileRef = A82DAEB92C1F038D00E18665 /* AlertType.swift */; };
		A82DAEBB2C1F038D00E18665 /* AlertType.swift in Sources */ = {isa = PBXBuildFile; fileRef = A82DAEB92C1F038D00E18665 /* AlertType.swift */; };
		A82DAEBC2C1F038D00E18665 /* AlertType.swift in Sources */ = {isa = PBXBuildFile; fileRef = A82DAEB92C1F038D00E18665 /* AlertType.swift */; };
		A82DAEC22C1F04E300E18665 /* Constant.swift in Sources */ = {isa = PBXBuildFile; fileRef = A82DAEC12C1F04E300E18665 /* Constant.swift */; };
		A82DAEC32C1F04E300E18665 /* Constant.swift in Sources */ = {isa = PBXBuildFile; fileRef = A82DAEC12C1F04E300E18665 /* Constant.swift */; };
		A82DAEC42C1F04E300E18665 /* Constant.swift in Sources */ = {isa = PBXBuildFile; fileRef = A82DAEC12C1F04E300E18665 /* Constant.swift */; };
		A82DAEC82C1F23DD00E18665 /* NotificationType.swift in Sources */ = {isa = PBXBuildFile; fileRef = A82DAEC72C1F23DD00E18665 /* NotificationType.swift */; };
		A82DAEC92C1F23DD00E18665 /* NotificationType.swift in Sources */ = {isa = PBXBuildFile; fileRef = A82DAEC72C1F23DD00E18665 /* NotificationType.swift */; };
		A82DAECA2C1F23DD00E18665 /* NotificationType.swift in Sources */ = {isa = PBXBuildFile; fileRef = A82DAEC72C1F23DD00E18665 /* NotificationType.swift */; };
		A82DAECC2C1F244B00E18665 /* NotificationView.swift in Sources */ = {isa = PBXBuildFile; fileRef = A82DAECB2C1F244B00E18665 /* NotificationView.swift */; };
		A82DAECD2C1F244B00E18665 /* NotificationView.swift in Sources */ = {isa = PBXBuildFile; fileRef = A82DAECB2C1F244B00E18665 /* NotificationView.swift */; };
		A82DAECE2C1F244B00E18665 /* NotificationView.swift in Sources */ = {isa = PBXBuildFile; fileRef = A82DAECB2C1F244B00E18665 /* NotificationView.swift */; };
		A82DAED02C1F3D1A00E18665 /* CustomAnimation.swift in Sources */ = {isa = PBXBuildFile; fileRef = A82DAECF2C1F3D1A00E18665 /* CustomAnimation.swift */; };
		A82DAED12C1F3D1A00E18665 /* CustomAnimation.swift in Sources */ = {isa = PBXBuildFile; fileRef = A82DAECF2C1F3D1A00E18665 /* CustomAnimation.swift */; };
		A82DAED22C1F3D1A00E18665 /* CustomAnimation.swift in Sources */ = {isa = PBXBuildFile; fileRef = A82DAECF2C1F3D1A00E18665 /* CustomAnimation.swift */; };
/* End PBXBuildFile section */

/* Begin PBXContainerItemProxy section */
		A82DAE232C1C865B00E18665 /* PBXContainerItemProxy */ = {
			isa = PBXContainerItemProxy;
			containerPortal = A82DAE052C1C865900E18665 /* Project object */;
			proxyType = 1;
			remoteGlobalIDString = A82DAE0C2C1C865A00E18665;
			remoteInfo = MessageDemoApp;
		};
		A82DAE2D2C1C865B00E18665 /* PBXContainerItemProxy */ = {
			isa = PBXContainerItemProxy;
			containerPortal = A82DAE052C1C865900E18665 /* Project object */;
			proxyType = 1;
			remoteGlobalIDString = A82DAE0C2C1C865A00E18665;
			remoteInfo = MessageDemoApp;
		};
/* End PBXContainerItemProxy section */

/* Begin PBXFileReference section */
		A82DAE0D2C1C865A00E18665 /* MessageDemoApp.app */ = {isa = PBXFileReference; explicitFileType = wrapper.application; includeInIndex = 0; path = MessageDemoApp.app; sourceTree = BUILT_PRODUCTS_DIR; };
		A82DAE102C1C865A00E18665 /* MessageDemoAppApp.swift */ = {isa = PBXFileReference; lastKnownFileType = sourcecode.swift; path = MessageDemoAppApp.swift; sourceTree = "<group>"; };
		A82DAE122C1C865A00E18665 /* ContentView.swift */ = {isa = PBXFileReference; lastKnownFileType = sourcecode.swift; path = ContentView.swift; sourceTree = "<group>"; };
		A82DAE142C1C865B00E18665 /* Assets.xcassets */ = {isa = PBXFileReference; lastKnownFileType = folder.assetcatalog; path = Assets.xcassets; sourceTree = "<group>"; };
		A82DAE172C1C865B00E18665 /* Preview Assets.xcassets */ = {isa = PBXFileReference; lastKnownFileType = folder.assetcatalog; path = "Preview Assets.xcassets"; sourceTree = "<group>"; };
		A82DAE192C1C865B00E18665 /* Persistence.swift */ = {isa = PBXFileReference; lastKnownFileType = sourcecode.swift; path = Persistence.swift; sourceTree = "<group>"; };
		A82DAE1C2C1C865B00E18665 /* MessageDemoApp.xcdatamodel */ = {isa = PBXFileReference; lastKnownFileType = wrapper.xcdatamodel; path = MessageDemoApp.xcdatamodel; sourceTree = "<group>"; };
		A82DAE222C1C865B00E18665 /* MessageDemoAppTests.xctest */ = {isa = PBXFileReference; explicitFileType = wrapper.cfbundle; includeInIndex = 0; path = MessageDemoAppTests.xctest; sourceTree = BUILT_PRODUCTS_DIR; };
		A82DAE262C1C865B00E18665 /* MessageDemoAppTests.swift */ = {isa = PBXFileReference; lastKnownFileType = sourcecode.swift; path = MessageDemoAppTests.swift; sourceTree = "<group>"; };
		A82DAE2C2C1C865B00E18665 /* MessageDemoAppUITests.xctest */ = {isa = PBXFileReference; explicitFileType = wrapper.cfbundle; includeInIndex = 0; path = MessageDemoAppUITests.xctest; sourceTree = BUILT_PRODUCTS_DIR; };
		A82DAE302C1C865B00E18665 /* MessageDemoAppUITests.swift */ = {isa = PBXFileReference; lastKnownFileType = sourcecode.swift; path = MessageDemoAppUITests.swift; sourceTree = "<group>"; };
		A82DAE322C1C865B00E18665 /* MessageDemoAppUITestsLaunchTests.swift */ = {isa = PBXFileReference; lastKnownFileType = sourcecode.swift; path = MessageDemoAppUITestsLaunchTests.swift; sourceTree = "<group>"; };
		A82DAE422C1C86BB00E18665 /* HomeView.swift */ = {isa = PBXFileReference; lastKnownFileType = sourcecode.swift; path = HomeView.swift; sourceTree = "<group>"; };
		A82DAE482C1C86E900E18665 /* MessageViewModel.swift */ = {isa = PBXFileReference; lastKnownFileType = sourcecode.swift; path = MessageViewModel.swift; sourceTree = "<group>"; };
		A82DAE4A2C1C871300E18665 /* MessageModel.swift */ = {isa = PBXFileReference; lastKnownFileType = sourcecode.swift; path = MessageModel.swift; sourceTree = "<group>"; };
		A82DAE502C1C8C4500E18665 /* AuroraColors.swift */ = {isa = PBXFileReference; lastKnownFileType = sourcecode.swift; path = AuroraColors.swift; sourceTree = "<group>"; };
		A82DAE522C1C8C5D00E18665 /* MovingCircle.swift */ = {isa = PBXFileReference; lastKnownFileType = sourcecode.swift; path = MovingCircle.swift; sourceTree = "<group>"; };
		A82DAE542C1C8C8100E18665 /* CircleAnimator.swift */ = {isa = PBXFileReference; lastKnownFileType = sourcecode.swift; path = CircleAnimator.swift; sourceTree = "<group>"; };
		A82DAE582C1C8D8600E18665 /* FirebaseManager.swift */ = {isa = PBXFileReference; lastKnownFileType = sourcecode.swift; path = FirebaseManager.swift; sourceTree = "<group>"; };
		A82DAE652C1C90F800E18665 /* CustomButton.swift */ = {isa = PBXFileReference; lastKnownFileType = sourcecode.swift; path = CustomButton.swift; sourceTree = "<group>"; };
		A82DAE672C1C915A00E18665 /* CustomTextField.swift */ = {isa = PBXFileReference; lastKnownFileType = sourcecode.swift; path = CustomTextField.swift; sourceTree = "<group>"; };
		A82DAE692C1C922100E18665 /* GoogleService-Info.plist */ = {isa = PBXFileReference; fileEncoding = 4; lastKnownFileType = text.plist.xml; path = "GoogleService-Info.plist"; sourceTree = "<group>"; };
		A82DAE722C1C927E00E18665 /* LoginView.swift */ = {isa = PBXFileReference; lastKnownFileType = sourcecode.swift; path = LoginView.swift; sourceTree = "<group>"; };
		A82DAE762C1C929600E18665 /* AuthViewModel.swift */ = {isa = PBXFileReference; lastKnownFileType = sourcecode.swift; path = AuthViewModel.swift; sourceTree = "<group>"; };
		A82DAE7B2C1C957200E18665 /* CollectionNameKeys.swift */ = {isa = PBXFileReference; lastKnownFileType = sourcecode.swift; path = CollectionNameKeys.swift; sourceTree = "<group>"; };
		A82DAE7F2C1C987C00E18665 /* Errors.swift */ = {isa = PBXFileReference; lastKnownFileType = sourcecode.swift; path = Errors.swift; sourceTree = "<group>"; };
		A82DAE832C1C9E0F00E18665 /* AuroraView.swift */ = {isa = PBXFileReference; lastKnownFileType = sourcecode.swift; path = AuroraView.swift; sourceTree = "<group>"; };
		A82DAE872C1CA13A00E18665 /* UserModel.swift */ = {isa = PBXFileReference; lastKnownFileType = sourcecode.swift; path = UserModel.swift; sourceTree = "<group>"; };
		A82DAE932C1CB0F300E18665 /* MessageCellView.swift */ = {isa = PBXFileReference; lastKnownFileType = sourcecode.swift; path = MessageCellView.swift; sourceTree = "<group>"; };
		A82DAE972C1CB1C500E18665 /* MessagesView.swift */ = {isa = PBXFileReference; lastKnownFileType = sourcecode.swift; path = MessagesView.swift; sourceTree = "<group>"; };
		A82DAE9B2C1DB8B800E18665 /* CustomBlurView.swift */ = {isa = PBXFileReference; lastKnownFileType = sourcecode.swift; path = CustomBlurView.swift; sourceTree = "<group>"; };
		A82DAEA72C1EF7AF00E18665 /* View + Extension.swift */ = {isa = PBXFileReference; lastKnownFileType = sourcecode.swift; path = "View + Extension.swift"; sourceTree = "<group>"; };
		A82DAEB02C1EFAFA00E18665 /* RegisterView.swift */ = {isa = PBXFileReference; lastKnownFileType = sourcecode.swift; path = RegisterView.swift; sourceTree = "<group>"; };
		A82DAEB42C1F037A00E18665 /* CustomAlertView.swift */ = {isa = PBXFileReference; lastKnownFileType = sourcecode.swift; path = CustomAlertView.swift; sourceTree = "<group>"; };
		A82DAEB92C1F038D00E18665 /* AlertType.swift */ = {isa = PBXFileReference; lastKnownFileType = sourcecode.swift; path = AlertType.swift; sourceTree = "<group>"; };
		A82DAEC12C1F04E300E18665 /* Constant.swift */ = {isa = PBXFileReference; lastKnownFileType = sourcecode.swift; path = Constant.swift; sourceTree = "<group>"; };
		A82DAEC72C1F23DD00E18665 /* NotificationType.swift */ = {isa = PBXFileReference; lastKnownFileType = sourcecode.swift; path = NotificationType.swift; sourceTree = "<group>"; };
		A82DAECB2C1F244B00E18665 /* NotificationView.swift */ = {isa = PBXFileReference; lastKnownFileType = sourcecode.swift; path = NotificationView.swift; sourceTree = "<group>"; };
		A82DAECF2C1F3D1A00E18665 /* CustomAnimation.swift */ = {isa = PBXFileReference; lastKnownFileType = sourcecode.swift; path = CustomAnimation.swift; sourceTree = "<group>"; };
/* End PBXFileReference section */

/* Begin PBXFrameworksBuildPhase section */
		A82DAE0A2C1C865A00E18665 /* Frameworks */ = {
			isa = PBXFrameworksBuildPhase;
			buildActionMask = 2147483647;
			files = (
				A82DAE8D2C1CA57F00E18665 /* FirebaseAnalytics in Frameworks */,
				A82DAE8F2C1CA57F00E18665 /* FirebaseAuth in Frameworks */,
				A82DAE912C1CA57F00E18665 /* FirebaseFirestore in Frameworks */,
			);
			runOnlyForDeploymentPostprocessing = 0;
		};
		A82DAE1F2C1C865B00E18665 /* Frameworks */ = {
			isa = PBXFrameworksBuildPhase;
			buildActionMask = 2147483647;
			files = (
			);
			runOnlyForDeploymentPostprocessing = 0;
		};
		A82DAE292C1C865B00E18665 /* Frameworks */ = {
			isa = PBXFrameworksBuildPhase;
			buildActionMask = 2147483647;
			files = (
			);
			runOnlyForDeploymentPostprocessing = 0;
		};
/* End PBXFrameworksBuildPhase section */

/* Begin PBXGroup section */
		A82DAE042C1C865900E18665 = {
			isa = PBXGroup;
			children = (
				A82DAE0F2C1C865A00E18665 /* MessageDemoApp */,
				A82DAE252C1C865B00E18665 /* MessageDemoAppTests */,
				A82DAE2F2C1C865B00E18665 /* MessageDemoAppUITests */,
				A82DAE0E2C1C865A00E18665 /* Products */,
			);
			sourceTree = "<group>";
		};
		A82DAE0E2C1C865A00E18665 /* Products */ = {
			isa = PBXGroup;
			children = (
				A82DAE0D2C1C865A00E18665 /* MessageDemoApp.app */,
				A82DAE222C1C865B00E18665 /* MessageDemoAppTests.xctest */,
				A82DAE2C2C1C865B00E18665 /* MessageDemoAppUITests.xctest */,
			);
			name = Products;
			sourceTree = "<group>";
		};
		A82DAE0F2C1C865A00E18665 /* MessageDemoApp */ = {
			isa = PBXGroup;
			children = (
				A82DAE3F2C1C867B00E18665 /* UI */,
				A82DAE412C1C86A400E18665 /* Helpers */,
				A82DAE402C1C868600E18665 /* Core */,
				A82DAE162C1C865B00E18665 /* Preview Content */,
			);
			path = MessageDemoApp;
			sourceTree = "<group>";
		};
		A82DAE162C1C865B00E18665 /* Preview Content */ = {
			isa = PBXGroup;
			children = (
				A82DAE172C1C865B00E18665 /* Preview Assets.xcassets */,
			);
			path = "Preview Content";
			sourceTree = "<group>";
		};
		A82DAE252C1C865B00E18665 /* MessageDemoAppTests */ = {
			isa = PBXGroup;
			children = (
				A82DAE262C1C865B00E18665 /* MessageDemoAppTests.swift */,
			);
			path = MessageDemoAppTests;
			sourceTree = "<group>";
		};
		A82DAE2F2C1C865B00E18665 /* MessageDemoAppUITests */ = {
			isa = PBXGroup;
			children = (
				A82DAE302C1C865B00E18665 /* MessageDemoAppUITests.swift */,
				A82DAE322C1C865B00E18665 /* MessageDemoAppUITestsLaunchTests.swift */,
			);
			path = MessageDemoAppUITests;
			sourceTree = "<group>";
		};
		A82DAE3F2C1C867B00E18665 /* UI */ = {
			isa = PBXGroup;
			children = (
				A82DAE6D2C1C924F00E18665 /* Main Views */,
				A82DAE642C1C90E500E18665 /* Components */,
				A82DAEC52C1F144300E18665 /* UI Helpers */,
			);
			path = UI;
			sourceTree = "<group>";
		};
		A82DAE402C1C868600E18665 /* Core */ = {
			isa = PBXGroup;
			children = (
				A82DAE692C1C922100E18665 /* GoogleService-Info.plist */,
				A82DAE122C1C865A00E18665 /* ContentView.swift */,
				A82DAE1B2C1C865B00E18665 /* MessageDemoApp.xcdatamodeld */,
				A82DAE142C1C865B00E18665 /* Assets.xcassets */,
				A82DAE102C1C865A00E18665 /* MessageDemoAppApp.swift */,
			);
			path = Core;
			sourceTree = "<group>";
		};
		A82DAE412C1C86A400E18665 /* Helpers */ = {
			isa = PBXGroup;
			children = (
				A82DAE572C1C8D7E00E18665 /* Managers */,
				A82DAE192C1C865B00E18665 /* Persistence.swift */,
				A82DAE7B2C1C957200E18665 /* CollectionNameKeys.swift */,
				A82DAEC12C1F04E300E18665 /* Constant.swift */,
			);
			path = Helpers;
			sourceTree = "<group>";
		};
		A82DAE442C1C86C400E18665 /* ViewModels */ = {
			isa = PBXGroup;
			children = (
				A82DAE482C1C86E900E18665 /* MessageViewModel.swift */,
			);
			path = ViewModels;
			sourceTree = "<group>";
		};
		A82DAE452C1C86CB00E18665 /* Home */ = {
			isa = PBXGroup;
			children = (
				A82DAE472C1C86D600E18665 /* Views */,
				A82DAE462C1C86D200E18665 /* Models */,
				A82DAE442C1C86C400E18665 /* ViewModels */,
			);
			path = Home;
			sourceTree = "<group>";
		};
		A82DAE462C1C86D200E18665 /* Models */ = {
			isa = PBXGroup;
			children = (
				A82DAE4A2C1C871300E18665 /* MessageModel.swift */,
			);
			path = Models;
			sourceTree = "<group>";
		};
		A82DAE472C1C86D600E18665 /* Views */ = {
			isa = PBXGroup;
			children = (
				A82DAE422C1C86BB00E18665 /* HomeView.swift */,
			);
			path = Views;
			sourceTree = "<group>";
		};
		A82DAE572C1C8D7E00E18665 /* Managers */ = {
			isa = PBXGroup;
			children = (
				A82DAE582C1C8D8600E18665 /* FirebaseManager.swift */,
				A82DAE7F2C1C987C00E18665 /* Errors.swift */,
			);
			path = Managers;
			sourceTree = "<group>";
		};
		A82DAE642C1C90E500E18665 /* Components */ = {
			isa = PBXGroup;
			children = (
				A82DAEC62C1F23CD00E18665 /* Notification View */,
				A82DAEB82C1F037D00E18665 /* Alert View */,
				A82DAE9F2C1DC4AF00E18665 /* Aurora View */,
				A82DAE922C1CB0EB00E18665 /* Messages View */,
				A82DAE652C1C90F800E18665 /* CustomButton.swift */,
				A82DAE672C1C915A00E18665 /* CustomTextField.swift */,
				A82DAE9B2C1DB8B800E18665 /* CustomBlurView.swift */,
			);
			path = Components;
			sourceTree = "<group>";
		};
		A82DAE6D2C1C924F00E18665 /* Main Views */ = {
			isa = PBXGroup;
			children = (
				A82DAEAB2C1EFAB800E18665 /* Auth */,
				A82DAE452C1C86CB00E18665 /* Home */,
			);
			path = "Main Views";
			sourceTree = "<group>";
		};
		A82DAE6F2C1C926D00E18665 /* Models */ = {
			isa = PBXGroup;
			children = (
				A82DAE872C1CA13A00E18665 /* UserModel.swift */,
			);
			path = Models;
			sourceTree = "<group>";
		};
		A82DAE702C1C927100E18665 /* ViewModels */ = {
			isa = PBXGroup;
			children = (
				A82DAE762C1C929600E18665 /* AuthViewModel.swift */,
			);
			path = ViewModels;
			sourceTree = "<group>";
		};
		A82DAE712C1C927500E18665 /* Views */ = {
			isa = PBXGroup;
			children = (
				A82DAE722C1C927E00E18665 /* LoginView.swift */,
				A82DAEB02C1EFAFA00E18665 /* RegisterView.swift */,
			);
			path = Views;
			sourceTree = "<group>";
		};
		A82DAE922C1CB0EB00E18665 /* Messages View */ = {
			isa = PBXGroup;
			children = (
				A82DAE932C1CB0F300E18665 /* MessageCellView.swift */,
				A82DAE972C1CB1C500E18665 /* MessagesView.swift */,
			);
			path = "Messages View";
			sourceTree = "<group>";
		};
		A82DAE9F2C1DC4AF00E18665 /* Aurora View */ = {
			isa = PBXGroup;
			children = (
				A82DAE502C1C8C4500E18665 /* AuroraColors.swift */,
				A82DAE522C1C8C5D00E18665 /* MovingCircle.swift */,
				A82DAE542C1C8C8100E18665 /* CircleAnimator.swift */,
				A82DAE832C1C9E0F00E18665 /* AuroraView.swift */,
			);
			path = "Aurora View";
			sourceTree = "<group>";
		};
		A82DAEA62C1EF7A700E18665 /* Extensions */ = {
			isa = PBXGroup;
			children = (
				A82DAEA72C1EF7AF00E18665 /* View + Extension.swift */,
			);
			path = Extensions;
			sourceTree = "<group>";
		};
		A82DAEAB2C1EFAB800E18665 /* Auth */ = {
			isa = PBXGroup;
			children = (
				A82DAE712C1C927500E18665 /* Views */,
				A82DAE702C1C927100E18665 /* ViewModels */,
				A82DAE6F2C1C926D00E18665 /* Models */,
			);
			path = Auth;
			sourceTree = "<group>";
		};
		A82DAEB82C1F037D00E18665 /* Alert View */ = {
			isa = PBXGroup;
			children = (
				A82DAEB92C1F038D00E18665 /* AlertType.swift */,
				A82DAEB42C1F037A00E18665 /* CustomAlertView.swift */,
			);
			path = "Alert View";
			sourceTree = "<group>";
		};
		A82DAEC52C1F144300E18665 /* UI Helpers */ = {
			isa = PBXGroup;
			children = (
				A82DAEA62C1EF7A700E18665 /* Extensions */,
				A82DAECF2C1F3D1A00E18665 /* CustomAnimation.swift */,
			);
			path = "UI Helpers";
			sourceTree = "<group>";
		};
		A82DAEC62C1F23CD00E18665 /* Notification View */ = {
			isa = PBXGroup;
			children = (
				A82DAEC72C1F23DD00E18665 /* NotificationType.swift */,
				A82DAECB2C1F244B00E18665 /* NotificationView.swift */,
			);
			path = "Notification View";
			sourceTree = "<group>";
		};
/* End PBXGroup section */

/* Begin PBXNativeTarget section */
		A82DAE0C2C1C865A00E18665 /* MessageDemoApp */ = {
			isa = PBXNativeTarget;
			buildConfigurationList = A82DAE362C1C865B00E18665 /* Build configuration list for PBXNativeTarget "MessageDemoApp" */;
			buildPhases = (
				A82DAE092C1C865A00E18665 /* Sources */,
				A82DAE0A2C1C865A00E18665 /* Frameworks */,
				A82DAE0B2C1C865A00E18665 /* Resources */,
			);
			buildRules = (
			);
			dependencies = (
			);
			name = MessageDemoApp;
			packageProductDependencies = (
				A82DAE8C2C1CA57F00E18665 /* FirebaseAnalytics */,
				A82DAE8E2C1CA57F00E18665 /* FirebaseAuth */,
				A82DAE902C1CA57F00E18665 /* FirebaseFirestore */,
			);
			productName = MessageDemoApp;
			productReference = A82DAE0D2C1C865A00E18665 /* MessageDemoApp.app */;
			productType = "com.apple.product-type.application";
		};
		A82DAE212C1C865B00E18665 /* MessageDemoAppTests */ = {
			isa = PBXNativeTarget;
			buildConfigurationList = A82DAE392C1C865B00E18665 /* Build configuration list for PBXNativeTarget "MessageDemoAppTests" */;
			buildPhases = (
				A82DAE1E2C1C865B00E18665 /* Sources */,
				A82DAE1F2C1C865B00E18665 /* Frameworks */,
				A82DAE202C1C865B00E18665 /* Resources */,
			);
			buildRules = (
			);
			dependencies = (
				A82DAE242C1C865B00E18665 /* PBXTargetDependency */,
			);
			name = MessageDemoAppTests;
			productName = MessageDemoAppTests;
			productReference = A82DAE222C1C865B00E18665 /* MessageDemoAppTests.xctest */;
			productType = "com.apple.product-type.bundle.unit-test";
		};
		A82DAE2B2C1C865B00E18665 /* MessageDemoAppUITests */ = {
			isa = PBXNativeTarget;
			buildConfigurationList = A82DAE3C2C1C865B00E18665 /* Build configuration list for PBXNativeTarget "MessageDemoAppUITests" */;
			buildPhases = (
				A82DAE282C1C865B00E18665 /* Sources */,
				A82DAE292C1C865B00E18665 /* Frameworks */,
				A82DAE2A2C1C865B00E18665 /* Resources */,
			);
			buildRules = (
			);
			dependencies = (
				A82DAE2E2C1C865B00E18665 /* PBXTargetDependency */,
			);
			name = MessageDemoAppUITests;
			productName = MessageDemoAppUITests;
			productReference = A82DAE2C2C1C865B00E18665 /* MessageDemoAppUITests.xctest */;
			productType = "com.apple.product-type.bundle.ui-testing";
		};
/* End PBXNativeTarget section */

/* Begin PBXProject section */
		A82DAE052C1C865900E18665 /* Project object */ = {
			isa = PBXProject;
			attributes = {
				BuildIndependentTargetsInParallel = 1;
				LastSwiftUpdateCheck = 1530;
				LastUpgradeCheck = 1530;
				TargetAttributes = {
					A82DAE0C2C1C865A00E18665 = {
						CreatedOnToolsVersion = 15.3;
					};
					A82DAE212C1C865B00E18665 = {
						CreatedOnToolsVersion = 15.3;
						TestTargetID = A82DAE0C2C1C865A00E18665;
					};
					A82DAE2B2C1C865B00E18665 = {
						CreatedOnToolsVersion = 15.3;
						TestTargetID = A82DAE0C2C1C865A00E18665;
					};
				};
			};
			buildConfigurationList = A82DAE082C1C865900E18665 /* Build configuration list for PBXProject "MessageDemoApp" */;
			compatibilityVersion = "Xcode 14.0";
			developmentRegion = en;
			hasScannedForEncodings = 0;
			knownRegions = (
				en,
				Base,
			);
			mainGroup = A82DAE042C1C865900E18665;
			packageReferences = (
				A82DAE8B2C1CA57F00E18665 /* XCRemoteSwiftPackageReference "firebase-ios-sdk" */,
			);
			productRefGroup = A82DAE0E2C1C865A00E18665 /* Products */;
			projectDirPath = "";
			projectRoot = "";
			targets = (
				A82DAE0C2C1C865A00E18665 /* MessageDemoApp */,
				A82DAE212C1C865B00E18665 /* MessageDemoAppTests */,
				A82DAE2B2C1C865B00E18665 /* MessageDemoAppUITests */,
			);
		};
/* End PBXProject section */

/* Begin PBXResourcesBuildPhase section */
		A82DAE0B2C1C865A00E18665 /* Resources */ = {
			isa = PBXResourcesBuildPhase;
			buildActionMask = 2147483647;
			files = (
				A82DAE182C1C865B00E18665 /* Preview Assets.xcassets in Resources */,
				A82DAE152C1C865B00E18665 /* Assets.xcassets in Resources */,
				A82DAE6A2C1C922100E18665 /* GoogleService-Info.plist in Resources */,
			);
			runOnlyForDeploymentPostprocessing = 0;
		};
		A82DAE202C1C865B00E18665 /* Resources */ = {
			isa = PBXResourcesBuildPhase;
			buildActionMask = 2147483647;
			files = (
				A82DAE6B2C1C922100E18665 /* GoogleService-Info.plist in Resources */,
			);
			runOnlyForDeploymentPostprocessing = 0;
		};
		A82DAE2A2C1C865B00E18665 /* Resources */ = {
			isa = PBXResourcesBuildPhase;
			buildActionMask = 2147483647;
			files = (
				A82DAE6C2C1C922100E18665 /* GoogleService-Info.plist in Resources */,
			);
			runOnlyForDeploymentPostprocessing = 0;
		};
/* End PBXResourcesBuildPhase section */

/* Begin PBXSourcesBuildPhase section */
		A82DAE092C1C865A00E18665 /* Sources */ = {
			isa = PBXSourcesBuildPhase;
			buildActionMask = 2147483647;
			files = (
				A82DAE682C1C915A00E18665 /* CustomTextField.swift in Sources */,
				A82DAE1A2C1C865B00E18665 /* Persistence.swift in Sources */,
				A82DAE512C1C8C4500E18665 /* AuroraColors.swift in Sources */,
				A82DAE532C1C8C5D00E18665 /* MovingCircle.swift in Sources */,
				A82DAE9C2C1DB8B800E18665 /* CustomBlurView.swift in Sources */,
				A82DAE492C1C86E900E18665 /* MessageViewModel.swift in Sources */,
				A82DAE592C1C8D8600E18665 /* FirebaseManager.swift in Sources */,
				A82DAE4B2C1C871300E18665 /* MessageModel.swift in Sources */,
				A82DAE132C1C865A00E18665 /* ContentView.swift in Sources */,
				A82DAEB52C1F037A00E18665 /* CustomAlertView.swift in Sources */,
				A82DAE942C1CB0F300E18665 /* MessageCellView.swift in Sources */,
				A82DAE772C1C929600E18665 /* AuthViewModel.swift in Sources */,
				A82DAE732C1C927E00E18665 /* LoginView.swift in Sources */,
				A82DAE982C1CB1C500E18665 /* MessagesView.swift in Sources */,
				A82DAEC82C1F23DD00E18665 /* NotificationType.swift in Sources */,
				A82DAE842C1C9E0F00E18665 /* AuroraView.swift in Sources */,
				A82DAE552C1C8C8100E18665 /* CircleAnimator.swift in Sources */,
				A82DAEA82C1EF7AF00E18665 /* View + Extension.swift in Sources */,
				A82DAE662C1C90F800E18665 /* CustomButton.swift in Sources */,
				A82DAEBA2C1F038D00E18665 /* AlertType.swift in Sources */,
				A82DAE7C2C1C957200E18665 /* CollectionNameKeys.swift in Sources */,
				A82DAEC22C1F04E300E18665 /* Constant.swift in Sources */,
				A82DAE802C1C987C00E18665 /* Errors.swift in Sources */,
				A82DAE882C1CA13A00E18665 /* UserModel.swift in Sources */,
				A82DAED02C1F3D1A00E18665 /* CustomAnimation.swift in Sources */,
				A82DAECC2C1F244B00E18665 /* NotificationView.swift in Sources */,
				A82DAE1D2C1C865B00E18665 /* MessageDemoApp.xcdatamodeld in Sources */,
				A82DAEB12C1EFAFA00E18665 /* RegisterView.swift in Sources */,
				A82DAE432C1C86BB00E18665 /* HomeView.swift in Sources */,
				A82DAE112C1C865A00E18665 /* MessageDemoAppApp.swift in Sources */,
			);
			runOnlyForDeploymentPostprocessing = 0;
		};
		A82DAE1E2C1C865B00E18665 /* Sources */ = {
			isa = PBXSourcesBuildPhase;
			buildActionMask = 2147483647;
			files = (
				A82DAE952C1CB0F300E18665 /* MessageCellView.swift in Sources */,
				A82DAEA42C1DC4BB00E18665 /* CircleAnimator.swift in Sources */,
				A82DAEA92C1EF7AF00E18665 /* View + Extension.swift in Sources */,
				A82DAEB62C1F037A00E18665 /* CustomAlertView.swift in Sources */,
				A82DAEA22C1DC4BB00E18665 /* AuroraColors.swift in Sources */,
				A82DAE7D2C1C957200E18665 /* CollectionNameKeys.swift in Sources */,
				A82DAED12C1F3D1A00E18665 /* CustomAnimation.swift in Sources */,
				A82DAE992C1CB1C500E18665 /* MessagesView.swift in Sources */,
				A82DAEB22C1EFAFA00E18665 /* RegisterView.swift in Sources */,
				A82DAE892C1CA13A00E18665 /* UserModel.swift in Sources */,
				A82DAE812C1C987C00E18665 /* Errors.swift in Sources */,
				A82DAE742C1C927E00E18665 /* LoginView.swift in Sources */,
				A82DAEC32C1F04E300E18665 /* Constant.swift in Sources */,
				A82DAE272C1C865B00E18665 /* MessageDemoAppTests.swift in Sources */,
				A82DAE852C1C9E0F00E18665 /* AuroraView.swift in Sources */,
				A82DAE9D2C1DB8B800E18665 /* CustomBlurView.swift in Sources */,
				A82DAEA12C1DC4BB00E18665 /* MovingCircle.swift in Sources */,
				A82DAEC92C1F23DD00E18665 /* NotificationType.swift in Sources */,
				A82DAE782C1C929600E18665 /* AuthViewModel.swift in Sources */,
				A82DAEBB2C1F038D00E18665 /* AlertType.swift in Sources */,
				A82DAECD2C1F244B00E18665 /* NotificationView.swift in Sources */,
			);
			runOnlyForDeploymentPostprocessing = 0;
		};
		A82DAE282C1C865B00E18665 /* Sources */ = {
			isa = PBXSourcesBuildPhase;
			buildActionMask = 2147483647;
			files = (
				A82DAE9A2C1CB1C500E18665 /* MessagesView.swift in Sources */,
				A82DAE792C1C929600E18665 /* AuthViewModel.swift in Sources */,
				A82DAECE2C1F244B00E18665 /* NotificationView.swift in Sources */,
				A82DAE752C1C927E00E18665 /* LoginView.swift in Sources */,
				A82DAE8A2C1CA13A00E18665 /* UserModel.swift in Sources */,
				A82DAEBC2C1F038D00E18665 /* AlertType.swift in Sources */,
				A82DAED22C1F3D1A00E18665 /* CustomAnimation.swift in Sources */,
				A82DAE9E2C1DB8B800E18665 /* CustomBlurView.swift in Sources */,
				A82DAEA32C1DC4BB00E18665 /* AuroraColors.swift in Sources */,
				A82DAEB72C1F037A00E18665 /* CustomAlertView.swift in Sources */,
				A82DAEC42C1F04E300E18665 /* Constant.swift in Sources */,
				A82DAEA52C1DC4BB00E18665 /* CircleAnimator.swift in Sources */,
				A82DAE862C1C9E0F00E18665 /* AuroraView.swift in Sources */,
				A82DAE312C1C865B00E18665 /* MessageDemoAppUITests.swift in Sources */,
				A82DAEA02C1DC4BB00E18665 /* MovingCircle.swift in Sources */,
				A82DAE332C1C865B00E18665 /* MessageDemoAppUITestsLaunchTests.swift in Sources */,
				A82DAECA2C1F23DD00E18665 /* NotificationType.swift in Sources */,
				A82DAE822C1C987C00E18665 /* Errors.swift in Sources */,
				A82DAE7E2C1C957200E18665 /* CollectionNameKeys.swift in Sources */,
				A82DAEB32C1EFAFA00E18665 /* RegisterView.swift in Sources */,
				A82DAEAA2C1EF7AF00E18665 /* View + Extension.swift in Sources */,
				A82DAE962C1CB0F300E18665 /* MessageCellView.swift in Sources */,
			);
			runOnlyForDeploymentPostprocessing = 0;
		};
/* End PBXSourcesBuildPhase section */

/* Begin PBXTargetDependency section */
		A82DAE242C1C865B00E18665 /* PBXTargetDependency */ = {
			isa = PBXTargetDependency;
			target = A82DAE0C2C1C865A00E18665 /* MessageDemoApp */;
			targetProxy = A82DAE232C1C865B00E18665 /* PBXContainerItemProxy */;
		};
		A82DAE2E2C1C865B00E18665 /* PBXTargetDependency */ = {
			isa = PBXTargetDependency;
			target = A82DAE0C2C1C865A00E18665 /* MessageDemoApp */;
			targetProxy = A82DAE2D2C1C865B00E18665 /* PBXContainerItemProxy */;
		};
/* End PBXTargetDependency section */

/* Begin XCBuildConfiguration section */
		A82DAE342C1C865B00E18665 /* Debug */ = {
			isa = XCBuildConfiguration;
			buildSettings = {
				ALWAYS_SEARCH_USER_PATHS = NO;
				ASSETCATALOG_COMPILER_GENERATE_SWIFT_ASSET_SYMBOL_EXTENSIONS = YES;
				CLANG_ANALYZER_NONNULL = YES;
				CLANG_ANALYZER_NUMBER_OBJECT_CONVERSION = YES_AGGRESSIVE;
				CLANG_CXX_LANGUAGE_STANDARD = "gnu++20";
				CLANG_ENABLE_MODULES = YES;
				CLANG_ENABLE_OBJC_ARC = YES;
				CLANG_ENABLE_OBJC_WEAK = YES;
				CLANG_WARN_BLOCK_CAPTURE_AUTORELEASING = YES;
				CLANG_WARN_BOOL_CONVERSION = YES;
				CLANG_WARN_COMMA = YES;
				CLANG_WARN_CONSTANT_CONVERSION = YES;
				CLANG_WARN_DEPRECATED_OBJC_IMPLEMENTATIONS = YES;
				CLANG_WARN_DIRECT_OBJC_ISA_USAGE = YES_ERROR;
				CLANG_WARN_DOCUMENTATION_COMMENTS = YES;
				CLANG_WARN_EMPTY_BODY = YES;
				CLANG_WARN_ENUM_CONVERSION = YES;
				CLANG_WARN_INFINITE_RECURSION = YES;
				CLANG_WARN_INT_CONVERSION = YES;
				CLANG_WARN_NON_LITERAL_NULL_CONVERSION = YES;
				CLANG_WARN_OBJC_IMPLICIT_RETAIN_SELF = YES;
				CLANG_WARN_OBJC_LITERAL_CONVERSION = YES;
				CLANG_WARN_OBJC_ROOT_CLASS = YES_ERROR;
				CLANG_WARN_QUOTED_INCLUDE_IN_FRAMEWORK_HEADER = YES;
				CLANG_WARN_RANGE_LOOP_ANALYSIS = YES;
				CLANG_WARN_STRICT_PROTOTYPES = YES;
				CLANG_WARN_SUSPICIOUS_MOVE = YES;
				CLANG_WARN_UNGUARDED_AVAILABILITY = YES_AGGRESSIVE;
				CLANG_WARN_UNREACHABLE_CODE = YES;
				CLANG_WARN__DUPLICATE_METHOD_MATCH = YES;
				COPY_PHASE_STRIP = NO;
				DEBUG_INFORMATION_FORMAT = dwarf;
				ENABLE_STRICT_OBJC_MSGSEND = YES;
				ENABLE_TESTABILITY = YES;
				ENABLE_USER_SCRIPT_SANDBOXING = YES;
				GCC_C_LANGUAGE_STANDARD = gnu17;
				GCC_DYNAMIC_NO_PIC = NO;
				GCC_NO_COMMON_BLOCKS = YES;
				GCC_OPTIMIZATION_LEVEL = 0;
				GCC_PREPROCESSOR_DEFINITIONS = (
					"DEBUG=1",
					"$(inherited)",
				);
				GCC_WARN_64_TO_32_BIT_CONVERSION = YES;
				GCC_WARN_ABOUT_RETURN_TYPE = YES_ERROR;
				GCC_WARN_UNDECLARED_SELECTOR = YES;
				GCC_WARN_UNINITIALIZED_AUTOS = YES_AGGRESSIVE;
				GCC_WARN_UNUSED_FUNCTION = YES;
				GCC_WARN_UNUSED_VARIABLE = YES;
				IPHONEOS_DEPLOYMENT_TARGET = 17.4;
				LOCALIZATION_PREFERS_STRING_CATALOGS = YES;
				MTL_ENABLE_DEBUG_INFO = INCLUDE_SOURCE;
				MTL_FAST_MATH = YES;
				ONLY_ACTIVE_ARCH = YES;
				SDKROOT = iphoneos;
				SWIFT_ACTIVE_COMPILATION_CONDITIONS = "DEBUG $(inherited)";
				SWIFT_OPTIMIZATION_LEVEL = "-Onone";
			};
			name = Debug;
		};
		A82DAE352C1C865B00E18665 /* Release */ = {
			isa = XCBuildConfiguration;
			buildSettings = {
				ALWAYS_SEARCH_USER_PATHS = NO;
				ASSETCATALOG_COMPILER_GENERATE_SWIFT_ASSET_SYMBOL_EXTENSIONS = YES;
				CLANG_ANALYZER_NONNULL = YES;
				CLANG_ANALYZER_NUMBER_OBJECT_CONVERSION = YES_AGGRESSIVE;
				CLANG_CXX_LANGUAGE_STANDARD = "gnu++20";
				CLANG_ENABLE_MODULES = YES;
				CLANG_ENABLE_OBJC_ARC = YES;
				CLANG_ENABLE_OBJC_WEAK = YES;
				CLANG_WARN_BLOCK_CAPTURE_AUTORELEASING = YES;
				CLANG_WARN_BOOL_CONVERSION = YES;
				CLANG_WARN_COMMA = YES;
				CLANG_WARN_CONSTANT_CONVERSION = YES;
				CLANG_WARN_DEPRECATED_OBJC_IMPLEMENTATIONS = YES;
				CLANG_WARN_DIRECT_OBJC_ISA_USAGE = YES_ERROR;
				CLANG_WARN_DOCUMENTATION_COMMENTS = YES;
				CLANG_WARN_EMPTY_BODY = YES;
				CLANG_WARN_ENUM_CONVERSION = YES;
				CLANG_WARN_INFINITE_RECURSION = YES;
				CLANG_WARN_INT_CONVERSION = YES;
				CLANG_WARN_NON_LITERAL_NULL_CONVERSION = YES;
				CLANG_WARN_OBJC_IMPLICIT_RETAIN_SELF = YES;
				CLANG_WARN_OBJC_LITERAL_CONVERSION = YES;
				CLANG_WARN_OBJC_ROOT_CLASS = YES_ERROR;
				CLANG_WARN_QUOTED_INCLUDE_IN_FRAMEWORK_HEADER = YES;
				CLANG_WARN_RANGE_LOOP_ANALYSIS = YES;
				CLANG_WARN_STRICT_PROTOTYPES = YES;
				CLANG_WARN_SUSPICIOUS_MOVE = YES;
				CLANG_WARN_UNGUARDED_AVAILABILITY = YES_AGGRESSIVE;
				CLANG_WARN_UNREACHABLE_CODE = YES;
				CLANG_WARN__DUPLICATE_METHOD_MATCH = YES;
				COPY_PHASE_STRIP = NO;
				DEBUG_INFORMATION_FORMAT = "dwarf-with-dsym";
				ENABLE_NS_ASSERTIONS = NO;
				ENABLE_STRICT_OBJC_MSGSEND = YES;
				ENABLE_USER_SCRIPT_SANDBOXING = YES;
				GCC_C_LANGUAGE_STANDARD = gnu17;
				GCC_NO_COMMON_BLOCKS = YES;
				GCC_WARN_64_TO_32_BIT_CONVERSION = YES;
				GCC_WARN_ABOUT_RETURN_TYPE = YES_ERROR;
				GCC_WARN_UNDECLARED_SELECTOR = YES;
				GCC_WARN_UNINITIALIZED_AUTOS = YES_AGGRESSIVE;
				GCC_WARN_UNUSED_FUNCTION = YES;
				GCC_WARN_UNUSED_VARIABLE = YES;
				IPHONEOS_DEPLOYMENT_TARGET = 17.4;
				LOCALIZATION_PREFERS_STRING_CATALOGS = YES;
				MTL_ENABLE_DEBUG_INFO = NO;
				MTL_FAST_MATH = YES;
				SDKROOT = iphoneos;
				SWIFT_COMPILATION_MODE = wholemodule;
				VALIDATE_PRODUCT = YES;
			};
			name = Release;
		};
		A82DAE372C1C865B00E18665 /* Debug */ = {
			isa = XCBuildConfiguration;
			buildSettings = {
				ASSETCATALOG_COMPILER_APPICON_NAME = AppIcon;
				ASSETCATALOG_COMPILER_GLOBAL_ACCENT_COLOR_NAME = AccentColor;
				CODE_SIGN_STYLE = Automatic;
				CURRENT_PROJECT_VERSION = 1;
				DEVELOPMENT_ASSET_PATHS = "\"MessageDemoApp/Preview Content\"";
				ENABLE_PREVIEWS = YES;
				GENERATE_INFOPLIST_FILE = YES;
				INFOPLIST_KEY_UIApplicationSceneManifest_Generation = YES;
				INFOPLIST_KEY_UIApplicationSupportsIndirectInputEvents = YES;
				INFOPLIST_KEY_UILaunchScreen_Generation = YES;
				INFOPLIST_KEY_UISupportedInterfaceOrientations_iPad = "UIInterfaceOrientationPortrait UIInterfaceOrientationPortraitUpsideDown UIInterfaceOrientationLandscapeLeft UIInterfaceOrientationLandscapeRight";
				INFOPLIST_KEY_UISupportedInterfaceOrientations_iPhone = "UIInterfaceOrientationPortrait UIInterfaceOrientationLandscapeLeft UIInterfaceOrientationLandscapeRight";
				LD_RUNPATH_SEARCH_PATHS = (
					"$(inherited)",
					"@executable_path/Frameworks",
				);
				MARKETING_VERSION = 1.0;
				PRODUCT_BUNDLE_IDENTIFIER = com.messagedemoapp;
				PRODUCT_NAME = "$(TARGET_NAME)";
				SWIFT_EMIT_LOC_STRINGS = YES;
				SWIFT_VERSION = 5.0;
				TARGETED_DEVICE_FAMILY = "1,2";
			};
			name = Debug;
		};
		A82DAE382C1C865B00E18665 /* Release */ = {
			isa = XCBuildConfiguration;
			buildSettings = {
				ASSETCATALOG_COMPILER_APPICON_NAME = AppIcon;
				ASSETCATALOG_COMPILER_GLOBAL_ACCENT_COLOR_NAME = AccentColor;
				CODE_SIGN_STYLE = Automatic;
				CURRENT_PROJECT_VERSION = 1;
				DEVELOPMENT_ASSET_PATHS = "\"MessageDemoApp/Preview Content\"";
				ENABLE_PREVIEWS = YES;
				GENERATE_INFOPLIST_FILE = YES;
				INFOPLIST_KEY_UIApplicationSceneManifest_Generation = YES;
				INFOPLIST_KEY_UIApplicationSupportsIndirectInputEvents = YES;
				INFOPLIST_KEY_UILaunchScreen_Generation = YES;
				INFOPLIST_KEY_UISupportedInterfaceOrientations_iPad = "UIInterfaceOrientationPortrait UIInterfaceOrientationPortraitUpsideDown UIInterfaceOrientationLandscapeLeft UIInterfaceOrientationLandscapeRight";
				INFOPLIST_KEY_UISupportedInterfaceOrientations_iPhone = "UIInterfaceOrientationPortrait UIInterfaceOrientationLandscapeLeft UIInterfaceOrientationLandscapeRight";
				LD_RUNPATH_SEARCH_PATHS = (
					"$(inherited)",
					"@executable_path/Frameworks",
				);
				MARKETING_VERSION = 1.0;
				PRODUCT_BUNDLE_IDENTIFIER = com.messagedemoapp;
				PRODUCT_NAME = "$(TARGET_NAME)";
				SWIFT_EMIT_LOC_STRINGS = YES;
				SWIFT_VERSION = 5.0;
				TARGETED_DEVICE_FAMILY = "1,2";
			};
			name = Release;
		};
		A82DAE3A2C1C865B00E18665 /* Debug */ = {
			isa = XCBuildConfiguration;
			buildSettings = {
				ALWAYS_EMBED_SWIFT_STANDARD_LIBRARIES = YES;
				BUNDLE_LOADER = "$(TEST_HOST)";
				CODE_SIGN_STYLE = Automatic;
				CURRENT_PROJECT_VERSION = 1;
				GENERATE_INFOPLIST_FILE = YES;
				IPHONEOS_DEPLOYMENT_TARGET = 17.4;
				MARKETING_VERSION = 1.0;
				PRODUCT_BUNDLE_IDENTIFIER = com.arab.MessageDemoAppTests;
				PRODUCT_NAME = "$(TARGET_NAME)";
				SWIFT_EMIT_LOC_STRINGS = NO;
				SWIFT_VERSION = 5.0;
				TARGETED_DEVICE_FAMILY = "1,2";
				TEST_HOST = "$(BUILT_PRODUCTS_DIR)/MessageDemoApp.app/$(BUNDLE_EXECUTABLE_FOLDER_PATH)/MessageDemoApp";
			};
			name = Debug;
		};
		A82DAE3B2C1C865B00E18665 /* Release */ = {
			isa = XCBuildConfiguration;
			buildSettings = {
				ALWAYS_EMBED_SWIFT_STANDARD_LIBRARIES = YES;
				BUNDLE_LOADER = "$(TEST_HOST)";
				CODE_SIGN_STYLE = Automatic;
				CURRENT_PROJECT_VERSION = 1;
				GENERATE_INFOPLIST_FILE = YES;
				IPHONEOS_DEPLOYMENT_TARGET = 17.4;
				MARKETING_VERSION = 1.0;
				PRODUCT_BUNDLE_IDENTIFIER = com.arab.MessageDemoAppTests;
				PRODUCT_NAME = "$(TARGET_NAME)";
				SWIFT_EMIT_LOC_STRINGS = NO;
				SWIFT_VERSION = 5.0;
				TARGETED_DEVICE_FAMILY = "1,2";
				TEST_HOST = "$(BUILT_PRODUCTS_DIR)/MessageDemoApp.app/$(BUNDLE_EXECUTABLE_FOLDER_PATH)/MessageDemoApp";
			};
			name = Release;
		};
		A82DAE3D2C1C865B00E18665 /* Debug */ = {
			isa = XCBuildConfiguration;
			buildSettings = {
				ALWAYS_EMBED_SWIFT_STANDARD_LIBRARIES = YES;
				CODE_SIGN_STYLE = Automatic;
				CURRENT_PROJECT_VERSION = 1;
				GENERATE_INFOPLIST_FILE = YES;
				MARKETING_VERSION = 1.0;
				PRODUCT_BUNDLE_IDENTIFIER = com.arab.MessageDemoAppUITests;
				PRODUCT_NAME = "$(TARGET_NAME)";
				SWIFT_EMIT_LOC_STRINGS = NO;
				SWIFT_VERSION = 5.0;
				TARGETED_DEVICE_FAMILY = "1,2";
				TEST_TARGET_NAME = MessageDemoApp;
			};
			name = Debug;
		};
		A82DAE3E2C1C865B00E18665 /* Release */ = {
			isa = XCBuildConfiguration;
			buildSettings = {
				ALWAYS_EMBED_SWIFT_STANDARD_LIBRARIES = YES;
				CODE_SIGN_STYLE = Automatic;
				CURRENT_PROJECT_VERSION = 1;
				GENERATE_INFOPLIST_FILE = YES;
				MARKETING_VERSION = 1.0;
				PRODUCT_BUNDLE_IDENTIFIER = com.arab.MessageDemoAppUITests;
				PRODUCT_NAME = "$(TARGET_NAME)";
				SWIFT_EMIT_LOC_STRINGS = NO;
				SWIFT_VERSION = 5.0;
				TARGETED_DEVICE_FAMILY = "1,2";
				TEST_TARGET_NAME = MessageDemoApp;
			};
			name = Release;
		};
/* End XCBuildConfiguration section */

/* Begin XCConfigurationList section */
		A82DAE082C1C865900E18665 /* Build configuration list for PBXProject "MessageDemoApp" */ = {
			isa = XCConfigurationList;
			buildConfigurations = (
				A82DAE342C1C865B00E18665 /* Debug */,
				A82DAE352C1C865B00E18665 /* Release */,
			);
			defaultConfigurationIsVisible = 0;
			defaultConfigurationName = Release;
		};
		A82DAE362C1C865B00E18665 /* Build configuration list for PBXNativeTarget "MessageDemoApp" */ = {
			isa = XCConfigurationList;
			buildConfigurations = (
				A82DAE372C1C865B00E18665 /* Debug */,
				A82DAE382C1C865B00E18665 /* Release */,
			);
			defaultConfigurationIsVisible = 0;
			defaultConfigurationName = Release;
		};
		A82DAE392C1C865B00E18665 /* Build configuration list for PBXNativeTarget "MessageDemoAppTests" */ = {
			isa = XCConfigurationList;
			buildConfigurations = (
				A82DAE3A2C1C865B00E18665 /* Debug */,
				A82DAE3B2C1C865B00E18665 /* Release */,
			);
			defaultConfigurationIsVisible = 0;
			defaultConfigurationName = Release;
		};
		A82DAE3C2C1C865B00E18665 /* Build configuration list for PBXNativeTarget "MessageDemoAppUITests" */ = {
			isa = XCConfigurationList;
			buildConfigurations = (
				A82DAE3D2C1C865B00E18665 /* Debug */,
				A82DAE3E2C1C865B00E18665 /* Release */,
			);
			defaultConfigurationIsVisible = 0;
			defaultConfigurationName = Release;
		};
/* End XCConfigurationList section */

/* Begin XCRemoteSwiftPackageReference section */
		A82DAE8B2C1CA57F00E18665 /* XCRemoteSwiftPackageReference "firebase-ios-sdk" */ = {
			isa = XCRemoteSwiftPackageReference;
			repositoryURL = "https://github.com/firebase/firebase-ios-sdk";
			requirement = {
				kind = upToNextMajorVersion;
				minimumVersion = 10.27.0;
			};
		};
/* End XCRemoteSwiftPackageReference section */

/* Begin XCSwiftPackageProductDependency section */
		A82DAE8C2C1CA57F00E18665 /* FirebaseAnalytics */ = {
			isa = XCSwiftPackageProductDependency;
			package = A82DAE8B2C1CA57F00E18665 /* XCRemoteSwiftPackageReference "firebase-ios-sdk" */;
			productName = FirebaseAnalytics;
		};
		A82DAE8E2C1CA57F00E18665 /* FirebaseAuth */ = {
			isa = XCSwiftPackageProductDependency;
			package = A82DAE8B2C1CA57F00E18665 /* XCRemoteSwiftPackageReference "firebase-ios-sdk" */;
			productName = FirebaseAuth;
		};
		A82DAE902C1CA57F00E18665 /* FirebaseFirestore */ = {
			isa = XCSwiftPackageProductDependency;
			package = A82DAE8B2C1CA57F00E18665 /* XCRemoteSwiftPackageReference "firebase-ios-sdk" */;
			productName = FirebaseFirestore;
		};
/* End XCSwiftPackageProductDependency section */

/* Begin XCVersionGroup section */
		A82DAE1B2C1C865B00E18665 /* MessageDemoApp.xcdatamodeld */ = {
			isa = XCVersionGroup;
			children = (
				A82DAE1C2C1C865B00E18665 /* MessageDemoApp.xcdatamodel */,
			);
			currentVersion = A82DAE1C2C1C865B00E18665 /* MessageDemoApp.xcdatamodel */;
			path = MessageDemoApp.xcdatamodeld;
			sourceTree = "<group>";
			versionGroupType = wrapper.xcdatamodel;
		};
/* End XCVersionGroup section */
	};
	rootObject = A82DAE052C1C865900E18665 /* Project object */;
}
